
Microsoft Visual Studio Solution File, Format Version 12.00
# Visual Studio 15
VisualStudioVersion = 15.0.27004.2005
MinimumVisualStudioVersion = 10.0.40219.1
Project("{FAE04EC0-301F-11D3-BF4B-00C04F79EFBC}") = "MissionWebsite", "MissionWebsite\MissionWebsite.csproj", "{5A1D2D48-B202-443A-8CE9-038E55716E45}"
EndProject
Global
	GlobalSection(SolutionConfigurationPlatforms) = preSolution
		Debug|Any CPU = Debug|Any CPU
		Release|Any CPU = Release|Any CPU
	EndGlobalSection
	GlobalSection(ProjectConfigurationPlatforms) = postSolution
		{5A1D2D48-B202-443A-8CE9-038E55716E45}.Debug|Any CPU.ActiveCfg = Debug|Any CPU
		{5A1D2D48-B202-443A-8CE9-038E55716E45}.Debug|Any CPU.Build.0 = Debug|Any CPU
		{5A1D2D48-B202-443A-8CE9-038E55716E45}.Release|Any CPU.ActiveCfg = Release|Any CPU
		{5A1D2D48-B202-443A-8CE9-038E55716E45}.Release|Any CPU.Build.0 = Release|Any CPU
	EndGlobalSection
	GlobalSection(SolutionProperties) = preSolution
		HideSolutionNode = FALSE
	EndGlobalSection
	GlobalSection(ExtensibilityGlobals) = postSolution
		SolutionGuid = {B1851EEF-1C78-4090-AC92-26B670D8F285}
	EndGlobalSection
EndGlobal
